
Microsoft Visual Studio Solution File, Format Version 12.00
# Visual Studio Version 17
VisualStudioVersion = 17.7.34009.444
MinimumVisualStudioVersion = 10.0.40219.1
Project("{FAE04EC0-301F-11D3-BF4B-00C04F79EFBC}") = "c#-co-ban2", "c#-co-ban2\c#-co-ban2.csproj", "{4A215F61-0238-42E4-B70C-F5DA0409EEB2}"
EndProject
Project("{FAE04EC0-301F-11D3-BF4B-00C04F79EFBC}") = "doc thanh chu so", "buoi 2\doc thanh chu so.csproj", "{4F098469-F7D7-4A01-9F48-58D5DFE6E344}"
EndProject
Project("{FAE04EC0-301F-11D3-BF4B-00C04F79EFBC}") = "can nang co the", "can nang co the\can nang co the.csproj", "{7F7DECCF-F77E-4592-960A-2C247C11A643}"
EndProject
Project("{FAE04EC0-301F-11D3-BF4B-00C04F79EFBC}") = "buoi_4", "buoi_4\buoi_4.csproj", "{5AE2713A-3BE3-4AD4-9BE7-25BBF2672D51}"
EndProject
Project("{FAE04EC0-301F-11D3-BF4B-00C04F79EFBC}") = "buoi 5", "buoi 5\buoi 5.csproj", "{5AB9CC53-AB1F-407B-B170-F9831DE1DB90}"
EndProject
Project("{FAE04EC0-301F-11D3-BF4B-00C04F79EFBC}") = "ve", "ve\ve.csproj", "{C68E9CD6-D757-435D-9A1F-2DAA8978873D}"
EndProject
Project("{FAE04EC0-301F-11D3-BF4B-00C04F79EFBC}") = "mang", "mang\mang.csproj", "{6E83F4BD-608C-4612-8D8A-B6FEEBCD872D}"
EndProject
Project("{FAE04EC0-301F-11D3-BF4B-00C04F79EFBC}") = "bt 20.2", "bt 20.2\bt 20.2.csproj", "{787855D8-9D49-4BFC-9C70-BE055F00AC66}"
EndProject
Project("{FAE04EC0-301F-11D3-BF4B-00C04F79EFBC}") = "hàm", "hàm\hàm.csproj", "{F3D40069-7BE5-4AEF-8991-3CDEC0F1C782}"
EndProject
Project("{FAE04EC0-301F-11D3-BF4B-00C04F79EFBC}") = "ran san moi", "ran san moi\ran san moi.csproj", "{B852A108-16B5-44B1-A536-DD4EC88FF9A9}"
EndProject
Global
	GlobalSection(SolutionConfigurationPlatforms) = preSolution
		Debug|Any CPU = Debug|Any CPU
		Release|Any CPU = Release|Any CPU
	EndGlobalSection
	GlobalSection(ProjectConfigurationPlatforms) = postSolution
		{4A215F61-0238-42E4-B70C-F5DA0409EEB2}.Debug|Any CPU.ActiveCfg = Debug|Any CPU
		{4A215F61-0238-42E4-B70C-F5DA0409EEB2}.Debug|Any CPU.Build.0 = Debug|Any CPU
		{4A215F61-0238-42E4-B70C-F5DA0409EEB2}.Release|Any CPU.ActiveCfg = Release|Any CPU
		{4A215F61-0238-42E4-B70C-F5DA0409EEB2}.Release|Any CPU.Build.0 = Release|Any CPU
		{4F098469-F7D7-4A01-9F48-58D5DFE6E344}.Debug|Any CPU.ActiveCfg = Debug|Any CPU
		{4F098469-F7D7-4A01-9F48-58D5DFE6E344}.Debug|Any CPU.Build.0 = Debug|Any CPU
		{4F098469-F7D7-4A01-9F48-58D5DFE6E344}.Release|Any CPU.ActiveCfg = Release|Any CPU
		{4F098469-F7D7-4A01-9F48-58D5DFE6E344}.Release|Any CPU.Build.0 = Release|Any CPU
		{7F7DECCF-F77E-4592-960A-2C247C11A643}.Debug|Any CPU.ActiveCfg = Debug|Any CPU
		{7F7DECCF-F77E-4592-960A-2C247C11A643}.Debug|Any CPU.Build.0 = Debug|Any CPU
		{7F7DECCF-F77E-4592-960A-2C247C11A643}.Release|Any CPU.ActiveCfg = Release|Any CPU
		{7F7DECCF-F77E-4592-960A-2C247C11A643}.Release|Any CPU.Build.0 = Release|Any CPU
		{5AE2713A-3BE3-4AD4-9BE7-25BBF2672D51}.Debug|Any CPU.ActiveCfg = Debug|Any CPU
		{5AE2713A-3BE3-4AD4-9BE7-25BBF2672D51}.Debug|Any CPU.Build.0 = Debug|Any CPU
		{5AE2713A-3BE3-4AD4-9BE7-25BBF2672D51}.Release|Any CPU.ActiveCfg = Release|Any CPU
		{5AE2713A-3BE3-4AD4-9BE7-25BBF2672D51}.Release|Any CPU.Build.0 = Release|Any CPU
		{5AB9CC53-AB1F-407B-B170-F9831DE1DB90}.Debug|Any CPU.ActiveCfg = Debug|Any CPU
		{5AB9CC53-AB1F-407B-B170-F9831DE1DB90}.Debug|Any CPU.Build.0 = Debug|Any CPU
		{5AB9CC53-AB1F-407B-B170-F9831DE1DB90}.Release|Any CPU.ActiveCfg = Release|Any CPU
		{5AB9CC53-AB1F-407B-B170-F9831DE1DB90}.Release|Any CPU.Build.0 = Release|Any CPU
		{C68E9CD6-D757-435D-9A1F-2DAA8978873D}.Debug|Any CPU.ActiveCfg = Debug|Any CPU
		{C68E9CD6-D757-435D-9A1F-2DAA8978873D}.Debug|Any CPU.Build.0 = Debug|Any CPU
		{C68E9CD6-D757-435D-9A1F-2DAA8978873D}.Release|Any CPU.ActiveCfg = Release|Any CPU
		{C68E9CD6-D757-435D-9A1F-2DAA8978873D}.Release|Any CPU.Build.0 = Release|Any CPU
		{6E83F4BD-608C-4612-8D8A-B6FEEBCD872D}.Debug|Any CPU.ActiveCfg = Debug|Any CPU
		{6E83F4BD-608C-4612-8D8A-B6FEEBCD872D}.Debug|Any CPU.Build.0 = Debug|Any CPU
		{6E83F4BD-608C-4612-8D8A-B6FEEBCD872D}.Release|Any CPU.ActiveCfg = Release|Any CPU
		{6E83F4BD-608C-4612-8D8A-B6FEEBCD872D}.Release|Any CPU.Build.0 = Release|Any CPU
		{787855D8-9D49-4BFC-9C70-BE055F00AC66}.Debug|Any CPU.ActiveCfg = Debug|Any CPU
		{787855D8-9D49-4BFC-9C70-BE055F00AC66}.Debug|Any CPU.Build.0 = Debug|Any CPU
		{787855D8-9D49-4BFC-9C70-BE055F00AC66}.Release|Any CPU.ActiveCfg = Release|Any CPU
		{787855D8-9D49-4BFC-9C70-BE055F00AC66}.Release|Any CPU.Build.0 = Release|Any CPU
		{F3D40069-7BE5-4AEF-8991-3CDEC0F1C782}.Debug|Any CPU.ActiveCfg = Debug|Any CPU
		{F3D40069-7BE5-4AEF-8991-3CDEC0F1C782}.Debug|Any CPU.Build.0 = Debug|Any CPU
		{F3D40069-7BE5-4AEF-8991-3CDEC0F1C782}.Release|Any CPU.ActiveCfg = Release|Any CPU
		{F3D40069-7BE5-4AEF-8991-3CDEC0F1C782}.Release|Any CPU.Build.0 = Release|Any CPU
		{B852A108-16B5-44B1-A536-DD4EC88FF9A9}.Debug|Any CPU.ActiveCfg = Debug|Any CPU
		{B852A108-16B5-44B1-A536-DD4EC88FF9A9}.Debug|Any CPU.Build.0 = Debug|Any CPU
		{B852A108-16B5-44B1-A536-DD4EC88FF9A9}.Release|Any CPU.ActiveCfg = Release|Any CPU
		{B852A108-16B5-44B1-A536-DD4EC88FF9A9}.Release|Any CPU.Build.0 = Release|Any CPU
	EndGlobalSection
	GlobalSection(SolutionProperties) = preSolution
		HideSolutionNode = FALSE
	EndGlobalSection
	GlobalSection(ExtensibilityGlobals) = postSolution
		SolutionGuid = {CE81D869-0526-47DD-99FC-D7940B12F7EA}
	EndGlobalSection
EndGlobal
